
Microsoft Visual Studio Solution File, Format Version 12.00
# Visual Studio 15
VisualStudioVersion = 15.0.27703.2047
MinimumVisualStudioVersion = 10.0.40219.1
Project("{FAE04EC0-301F-11D3-BF4B-00C04F79EFBC}") = "ConsoleApp1", "ConsoleApp1\ConsoleApp1.csproj", "{BF1678A8-C7D7-467B-9160-28C220062B57}"
EndProject
Global
	GlobalSection(SolutionConfigurationPlatforms) = preSolution
		Debug|Any CPU = Debug|Any CPU
		Release|Any CPU = Release|Any CPU
	EndGlobalSection
	GlobalSection(ProjectConfigurationPlatforms) = postSolution
		{BF1678A8-C7D7-467B-9160-28C220062B57}.Debug|Any CPU.ActiveCfg = Debug|Any CPU
		{BF1678A8-C7D7-467B-9160-28C220062B57}.Debug|Any CPU.Build.0 = Debug|Any CPU
		{BF1678A8-C7D7-467B-9160-28C220062B57}.Release|Any CPU.ActiveCfg = Release|Any CPU
		{BF1678A8-C7D7-467B-9160-28C220062B57}.Release|Any CPU.Build.0 = Release|Any CPU
	EndGlobalSection
	GlobalSection(SolutionProperties) = preSolution
		HideSolutionNode = FALSE
	EndGlobalSection
	GlobalSection(ExtensibilityGlobals) = postSolution
		SolutionGuid = {9E752A99-6D45-4628-8DB0-1F54B317C258}
	EndGlobalSection
EndGlobal
